
Microsoft Visual Studio Solution File, Format Version 12.00
# Visual Studio 15
VisualStudioVersion = 15.0.28307.572
MinimumVisualStudioVersion = 10.0.40219.1
Project("{9A19103F-16F7-4668-BE54-9A1E7A4F7556}") = "BlockChain", "BlockChain\BlockChain.csproj", "{1A24A10E-1AF4-4B92-BCEB-99BB03B2F173}"
EndProject
Project("{9A19103F-16F7-4668-BE54-9A1E7A4F7556}") = "RSA", "RSA\RSA.csproj", "{AB7FF889-32A1-4363-B89E-F7706CF32E72}"
EndProject
Project("{FAE04EC0-301F-11D3-BF4B-00C04F79EFBC}") = "BlockChainClient", "BlockChainClient\BlockChainClient.csproj", "{F76D4925-285C-461B-9463-865F8D3604C4}"
EndProject
Global
	GlobalSection(SolutionConfigurationPlatforms) = preSolution
		Debug|Any CPU = Debug|Any CPU
		Release|Any CPU = Release|Any CPU
	EndGlobalSection
	GlobalSection(ProjectConfigurationPlatforms) = postSolution
		{1A24A10E-1AF4-4B92-BCEB-99BB03B2F173}.Debug|Any CPU.ActiveCfg = Debug|Any CPU
		{1A24A10E-1AF4-4B92-BCEB-99BB03B2F173}.Debug|Any CPU.Build.0 = Debug|Any CPU
		{1A24A10E-1AF4-4B92-BCEB-99BB03B2F173}.Release|Any CPU.ActiveCfg = Release|Any CPU
		{1A24A10E-1AF4-4B92-BCEB-99BB03B2F173}.Release|Any CPU.Build.0 = Release|Any CPU
		{AB7FF889-32A1-4363-B89E-F7706CF32E72}.Debug|Any CPU.ActiveCfg = Debug|Any CPU
		{AB7FF889-32A1-4363-B89E-F7706CF32E72}.Debug|Any CPU.Build.0 = Debug|Any CPU
		{AB7FF889-32A1-4363-B89E-F7706CF32E72}.Release|Any CPU.ActiveCfg = Release|Any CPU
		{AB7FF889-32A1-4363-B89E-F7706CF32E72}.Release|Any CPU.Build.0 = Release|Any CPU
		{F76D4925-285C-461B-9463-865F8D3604C4}.Debug|Any CPU.ActiveCfg = Debug|Any CPU
		{F76D4925-285C-461B-9463-865F8D3604C4}.Debug|Any CPU.Build.0 = Debug|Any CPU
		{F76D4925-285C-461B-9463-865F8D3604C4}.Release|Any CPU.ActiveCfg = Release|Any CPU
		{F76D4925-285C-461B-9463-865F8D3604C4}.Release|Any CPU.Build.0 = Release|Any CPU
	EndGlobalSection
	GlobalSection(SolutionProperties) = preSolution
		HideSolutionNode = FALSE
	EndGlobalSection
	GlobalSection(ExtensibilityGlobals) = postSolution
		SolutionGuid = {D3D5751B-FC20-4F0A-BE05-56A0B1862B4B}
	EndGlobalSection
EndGlobal
